// !$*UTF8*$!
{
	archiveVersion = 1;
	classes = {
	};
	objectVersion = 46;
	objects = {

/* Begin PBXBuildFile section */
		ADAE044F1D67605D001C15E8 /* Assets.xcassets in Resources */ = {isa = PBXBuildFile; fileRef = ADAE044E1D67605D001C15E8 /* Assets.xcassets */; };
		ADAE04561D67605D001C15E8 /* MessagesExtension.appex in Embed App Extensions */ = {isa = PBXBuildFile; fileRef = ADAE04551D67605D001C15E8 /* MessagesExtension.appex */; settings = {ATTRIBUTES = (RemoveHeadersOnCopy, ); }; };
		ADAE045B1D67605D001C15E8 /* Messages.framework in Frameworks */ = {isa = PBXBuildFile; fileRef = ADAE045A1D67605D001C15E8 /* Messages.framework */; };
		ADAE045E1D67605D001C15E8 /* MessagesViewController.swift in Sources */ = {isa = PBXBuildFile; fileRef = ADAE045D1D67605D001C15E8 /* MessagesViewController.swift */; };
		ADAE04611D67605D001C15E8 /* MainInterface.storyboard in Resources */ = {isa = PBXBuildFile; fileRef = ADAE045F1D67605D001C15E8 /* MainInterface.storyboard */; };
		ADAE04631D67605D001C15E8 /* Assets.xcassets in Resources */ = {isa = PBXBuildFile; fileRef = ADAE04621D67605D001C15E8 /* Assets.xcassets */; };
		ADAE046F1D677DCD001C15E8 /* CandyStickerBrowserViewController.swift in Sources */ = {isa = PBXBuildFile; fileRef = ADAE046E1D677DCD001C15E8 /* CandyStickerBrowserViewController.swift */; };
		ADAE047A1D677F17001C15E8 /* CandyCane.png in Resources */ = {isa = PBXBuildFile; fileRef = ADAE04711D677F17001C15E8 /* CandyCane.png */; };
		ADAE047B1D677F17001C15E8 /* Caramel.png in Resources */ = {isa = PBXBuildFile; fileRef = ADAE04721D677F17001C15E8 /* Caramel.png */; };
		ADAE047C1D677F17001C15E8 /* ChocolateBar.png in Resources */ = {isa = PBXBuildFile; fileRef = ADAE04731D677F17001C15E8 /* ChocolateBar.png */; };
		ADAE047D1D677F17001C15E8 /* ChocolateChip.png in Resources */ = {isa = PBXBuildFile; fileRef = ADAE04741D677F17001C15E8 /* ChocolateChip.png */; };
		ADAE047E1D677F17001C15E8 /* DarkChocolate.png in Resources */ = {isa = PBXBuildFile; fileRef = ADAE04751D677F17001C15E8 /* DarkChocolate.png */; };
		ADAE047F1D677F17001C15E8 /* GummiBear.png in Resources */ = {isa = PBXBuildFile; fileRef = ADAE04761D677F17001C15E8 /* GummiBear.png */; };
		ADAE04801D677F17001C15E8 /* JawBreaker.png in Resources */ = {isa = PBXBuildFile; fileRef = ADAE04771D677F17001C15E8 /* JawBreaker.png */; };
		ADAE04811D677F17001C15E8 /* Lollipop.png in Resources */ = {isa = PBXBuildFile; fileRef = ADAE04781D677F17001C15E8 /* Lollipop.png */; };
		ADAE04821D677F17001C15E8 /* SourCandy.png in Resources */ = {isa = PBXBuildFile; fileRef = ADAE04791D677F17001C15E8 /* SourCandy.png */; };
		ADAE04841D67F4E0001C15E8 /* StickerCollectionViewCell.swift in Sources */ = {isa = PBXBuildFile; fileRef = ADAE04831D67F4E0001C15E8 /* StickerCollectionViewCell.swift */; };
		ADAE04861D67F545001C15E8 /* StickerCollectionViewController.swift in Sources */ = {isa = PBXBuildFile; fileRef = ADAE04851D67F545001C15E8 /* StickerCollectionViewController.swift */; };
/* End PBXBuildFile section */

/* Begin PBXContainerItemProxy section */
		ADAE04571D67605D001C15E8 /* PBXContainerItemProxy */ = {
			isa = PBXContainerItemProxy;
			containerPortal = ADAE04451D67605D001C15E8 /* Project object */;
			proxyType = 1;
			remoteGlobalIDString = ADAE04541D67605D001C15E8;
			remoteInfo = MessagesExtension;
		};
/* End PBXContainerItemProxy section */

/* Begin PBXCopyFilesBuildPhase section */
		ADAE046A1D67605D001C15E8 /* Embed App Extensions */ = {
			isa = PBXCopyFilesBuildPhase;
			buildActionMask = 2147483647;
			dstPath = "";
			dstSubfolderSpec = 13;
			files = (
				ADAE04561D67605D001C15E8 /* MessagesExtension.appex in Embed App Extensions */,
			);
			name = "Embed App Extensions";
			runOnlyForDeploymentPostprocessing = 0;
		};
/* End PBXCopyFilesBuildPhase section */

/* Begin PBXFileReference section */
		ADAE044B1D67605D001C15E8 /* MEME Texting.app */ = {isa = PBXFileReference; explicitFileType = wrapper.application; includeInIndex = 0; path = "MEME Texting.app"; sourceTree = BUILT_PRODUCTS_DIR; };
		ADAE044E1D67605D001C15E8 /* Assets.xcassets */ = {isa = PBXFileReference; lastKnownFileType = folder.assetcatalog; path = Assets.xcassets; sourceTree = "<group>"; };
		ADAE04501D67605D001C15E8 /* Info.plist */ = {isa = PBXFileReference; lastKnownFileType = text.plist.xml; path = Info.plist; sourceTree = "<group>"; };
		ADAE04551D67605D001C15E8 /* MessagesExtension.appex */ = {isa = PBXFileReference; explicitFileType = "wrapper.app-extension"; includeInIndex = 0; path = MessagesExtension.appex; sourceTree = BUILT_PRODUCTS_DIR; };
		ADAE045A1D67605D001C15E8 /* Messages.framework */ = {isa = PBXFileReference; lastKnownFileType = wrapper.framework; name = Messages.framework; path = System/Library/Frameworks/Messages.framework; sourceTree = SDKROOT; };
		ADAE045D1D67605D001C15E8 /* MessagesViewController.swift */ = {isa = PBXFileReference; lastKnownFileType = sourcecode.swift; path = MessagesViewController.swift; sourceTree = "<group>"; };
		ADAE04601D67605D001C15E8 /* Base */ = {isa = PBXFileReference; lastKnownFileType = file.storyboard; name = Base; path = Base.lproj/MainInterface.storyboard; sourceTree = "<group>"; };
		ADAE04621D67605D001C15E8 /* Assets.xcassets */ = {isa = PBXFileReference; lastKnownFileType = folder.assetcatalog; path = Assets.xcassets; sourceTree = "<group>"; };
		ADAE04641D67605D001C15E8 /* Info.plist */ = {isa = PBXFileReference; lastKnownFileType = text.plist.xml; path = Info.plist; sourceTree = "<group>"; };
		ADAE046E1D677DCD001C15E8 /* CandyStickerBrowserViewController.swift */ = {isa = PBXFileReference; fileEncoding = 4; lastKnownFileType = sourcecode.swift; path = CandyStickerBrowserViewController.swift; sourceTree = "<group>"; };
		ADAE04711D677F17001C15E8 /* CandyCane.png */ = {isa = PBXFileReference; lastKnownFileType = image.png; name = CandyCane.png; path = candy/CandyCane.png; sourceTree = "<group>"; };
		ADAE04721D677F17001C15E8 /* Caramel.png */ = {isa = PBXFileReference; lastKnownFileType = image.png; name = Caramel.png; path = candy/Caramel.png; sourceTree = "<group>"; };
		ADAE04731D677F17001C15E8 /* ChocolateBar.png */ = {isa = PBXFileReference; lastKnownFileType = image.png; name = ChocolateBar.png; path = candy/ChocolateBar.png; sourceTree = "<group>"; };
		ADAE04741D677F17001C15E8 /* ChocolateChip.png */ = {isa = PBXFileReference; lastKnownFileType = image.png; name = ChocolateChip.png; path = candy/ChocolateChip.png; sourceTree = "<group>"; };
		ADAE04751D677F17001C15E8 /* DarkChocolate.png */ = {isa = PBXFileReference; lastKnownFileType = image.png; name = DarkChocolate.png; path = candy/DarkChocolate.png; sourceTree = "<group>"; };
		ADAE04761D677F17001C15E8 /* GummiBear.png */ = {isa = PBXFileReference; lastKnownFileType = image.png; name = GummiBear.png; path = candy/GummiBear.png; sourceTree = "<group>"; };
		ADAE04771D677F17001C15E8 /* JawBreaker.png */ = {isa = PBXFileReference; lastKnownFileType = image.png; name = JawBreaker.png; path = candy/JawBreaker.png; sourceTree = "<group>"; };
		ADAE04781D677F17001C15E8 /* Lollipop.png */ = {isa = PBXFileReference; lastKnownFileType = image.png; name = Lollipop.png; path = candy/Lollipop.png; sourceTree = "<group>"; };
		ADAE04791D677F17001C15E8 /* SourCandy.png */ = {isa = PBXFileReference; lastKnownFileType = image.png; name = SourCandy.png; path = candy/SourCandy.png; sourceTree = "<group>"; };
		ADAE04831D67F4E0001C15E8 /* StickerCollectionViewCell.swift */ = {isa = PBXFileReference; fileEncoding = 4; lastKnownFileType = sourcecode.swift; path = StickerCollectionViewCell.swift; sourceTree = "<group>"; };
		ADAE04851D67F545001C15E8 /* StickerCollectionViewController.swift */ = {isa = PBXFileReference; fileEncoding = 4; lastKnownFileType = sourcecode.swift; path = StickerCollectionViewController.swift; sourceTree = "<group>"; };
/* End PBXFileReference section */

/* Begin PBXFrameworksBuildPhase section */
		ADAE04521D67605D001C15E8 /* Frameworks */ = {
			isa = PBXFrameworksBuildPhase;
			buildActionMask = 2147483647;
			files = (
				ADAE045B1D67605D001C15E8 /* Messages.framework in Frameworks */,
			);
			runOnlyForDeploymentPostprocessing = 0;
		};
/* End PBXFrameworksBuildPhase section */

/* Begin PBXGroup section */
		ADAE04441D67605D001C15E8 = {
			isa = PBXGroup;
			children = (
				ADAE044D1D67605D001C15E8 /* MEME Texting */,
				ADAE045C1D67605D001C15E8 /* MessagesExtension */,
				ADAE04591D67605D001C15E8 /* Frameworks */,
				ADAE044C1D67605D001C15E8 /* Products */,
			);
			sourceTree = "<group>";
		};
		ADAE044C1D67605D001C15E8 /* Products */ = {
			isa = PBXGroup;
			children = (
				ADAE044B1D67605D001C15E8 /* MEME Texting.app */,
				ADAE04551D67605D001C15E8 /* MessagesExtension.appex */,
			);
			name = Products;
			sourceTree = "<group>";
		};
		ADAE044D1D67605D001C15E8 /* MEME Texting */ = {
			isa = PBXGroup;
			children = (
				ADAE044E1D67605D001C15E8 /* Assets.xcassets */,
				ADAE04501D67605D001C15E8 /* Info.plist */,
			);
			path = "MEME Texting";
			sourceTree = "<group>";
		};
		ADAE04591D67605D001C15E8 /* Frameworks */ = {
			isa = PBXGroup;
			children = (
				ADAE045A1D67605D001C15E8 /* Messages.framework */,
			);
			name = Frameworks;
			sourceTree = "<group>";
		};
		ADAE045C1D67605D001C15E8 /* MessagesExtension */ = {
			isa = PBXGroup;
			children = (
				ADAE04871D694191001C15E8 /* Category */,
				ADAE045D1D67605D001C15E8 /* MessagesViewController.swift */,
				ADAE045F1D67605D001C15E8 /* MainInterface.storyboard */,
				ADAE04831D67F4E0001C15E8 /* StickerCollectionViewCell.swift */,
				ADAE04851D67F545001C15E8 /* StickerCollectionViewController.swift */,
				ADAE046E1D677DCD001C15E8 /* CandyStickerBrowserViewController.swift */,
				ADAE04621D67605D001C15E8 /* Assets.xcassets */,
				ADAE04641D67605D001C15E8 /* Info.plist */,
			);
			path = MessagesExtension;
			sourceTree = "<group>";
		};
		ADAE04871D694191001C15E8 /* Category */ = {
			isa = PBXGroup;
			children = (
				ADAE04881D694197001C15E8 /* Recent */,
				ADAE04891D6941A9001C15E8 /* Expressions */,
				ADAE048B1D6941D2001C15E8 /* Funny */,
				ADAE048C1D69423C001C15E8 /* Fighting */,
				ADAE048A1D6941CC001C15E8 /* Sports */,
			);
			name = Category;
			sourceTree = "<group>";
		};
		ADAE04881D694197001C15E8 /* Recent */ = {
			isa = PBXGroup;
			children = (
			);
			name = Recent;
			sourceTree = "<group>";
		};
		ADAE04891D6941A9001C15E8 /* Expressions */ = {
			isa = PBXGroup;
			children = (
				ADAE04711D677F17001C15E8 /* CandyCane.png */,
				ADAE04721D677F17001C15E8 /* Caramel.png */,
			);
			name = Expressions;
			sourceTree = "<group>";
		};
		ADAE048A1D6941CC001C15E8 /* Sports */ = {
			isa = PBXGroup;
			children = (
				ADAE04771D677F17001C15E8 /* JawBreaker.png */,
				ADAE04781D677F17001C15E8 /* Lollipop.png */,
				ADAE04791D677F17001C15E8 /* SourCandy.png */,
			);
			name = Sports;
			sourceTree = "<group>";
		};
		ADAE048B1D6941D2001C15E8 /* Funny */ = {
			isa = PBXGroup;
			children = (
				ADAE04731D677F17001C15E8 /* ChocolateBar.png */,
				ADAE04741D677F17001C15E8 /* ChocolateChip.png */,
			);
			name = Funny;
			sourceTree = "<group>";
		};
		ADAE048C1D69423C001C15E8 /* Fighting */ = {
			isa = PBXGroup;
			children = (
				ADAE04751D677F17001C15E8 /* DarkChocolate.png */,
				ADAE04761D677F17001C15E8 /* GummiBear.png */,
			);
			name = Fighting;
			sourceTree = "<group>";
		};
/* End PBXGroup section */

/* Begin PBXNativeTarget section */
		ADAE044A1D67605D001C15E8 /* MEME Texting */ = {
			isa = PBXNativeTarget;
			buildConfigurationList = ADAE046B1D67605D001C15E8 /* Build configuration list for PBXNativeTarget "MEME Texting" */;
			buildPhases = (
				ADAE04491D67605D001C15E8 /* Resources */,
				ADAE046A1D67605D001C15E8 /* Embed App Extensions */,
			);
			buildRules = (
			);
			dependencies = (
				ADAE04581D67605D001C15E8 /* PBXTargetDependency */,
			);
			name = "MEME Texting";
			productName = "MEME Texting";
			productReference = ADAE044B1D67605D001C15E8 /* MEME Texting.app */;
			productType = "com.apple.product-type.application.messages";
		};
		ADAE04541D67605D001C15E8 /* MessagesExtension */ = {
			isa = PBXNativeTarget;
			buildConfigurationList = ADAE04671D67605D001C15E8 /* Build configuration list for PBXNativeTarget "MessagesExtension" */;
			buildPhases = (
				ADAE04511D67605D001C15E8 /* Sources */,
				ADAE04521D67605D001C15E8 /* Frameworks */,
				ADAE04531D67605D001C15E8 /* Resources */,
			);
			buildRules = (
			);
			dependencies = (
			);
			name = MessagesExtension;
			productName = MessagesExtension;
			productReference = ADAE04551D67605D001C15E8 /* MessagesExtension.appex */;
			productType = "com.apple.product-type.app-extension.messages";
		};
/* End PBXNativeTarget section */

/* Begin PBXProject section */
		ADAE04451D67605D001C15E8 /* Project object */ = {
			isa = PBXProject;
			attributes = {
				LastSwiftUpdateCheck = 0800;
				LastUpgradeCheck = 0800;
				ORGANIZATIONNAME = "Donald Nguyen";
				TargetAttributes = {
					ADAE044A1D67605D001C15E8 = {
						CreatedOnToolsVersion = 8.0;
						DevelopmentTeam = S58QJ4E424;
						DevelopmentTeamName = "Donald Nguyen";
						ProvisioningStyle = Automatic;
					};
					ADAE04541D67605D001C15E8 = {
						CreatedOnToolsVersion = 8.0;
						DevelopmentTeam = S58QJ4E424;
						DevelopmentTeamName = "Donald Nguyen";
						ProvisioningStyle = Automatic;
					};
				};
			};
			buildConfigurationList = ADAE04481D67605D001C15E8 /* Build configuration list for PBXProject "MEME Texting" */;
			compatibilityVersion = "Xcode 3.2";
			developmentRegion = English;
			hasScannedForEncodings = 0;
			knownRegions = (
				en,
				Base,
			);
			mainGroup = ADAE04441D67605D001C15E8;
			productRefGroup = ADAE044C1D67605D001C15E8 /* Products */;
			projectDirPath = "";
			projectRoot = "";
			targets = (
				ADAE044A1D67605D001C15E8 /* MEME Texting */,
				ADAE04541D67605D001C15E8 /* MessagesExtension */,
			);
		};
/* End PBXProject section */

/* Begin PBXResourcesBuildPhase section */
		ADAE04491D67605D001C15E8 /* Resources */ = {
			isa = PBXResourcesBuildPhase;
			buildActionMask = 2147483647;
			files = (
				ADAE044F1D67605D001C15E8 /* Assets.xcassets in Resources */,
			);
			runOnlyForDeploymentPostprocessing = 0;
		};
		ADAE04531D67605D001C15E8 /* Resources */ = {
			isa = PBXResourcesBuildPhase;
			buildActionMask = 2147483647;
			files = (
				ADAE04801D677F17001C15E8 /* JawBreaker.png in Resources */,
				ADAE047C1D677F17001C15E8 /* ChocolateBar.png in Resources */,
				ADAE04811D677F17001C15E8 /* Lollipop.png in Resources */,
				ADAE047F1D677F17001C15E8 /* GummiBear.png in Resources */,
				ADAE04631D67605D001C15E8 /* Assets.xcassets in Resources */,
				ADAE047E1D677F17001C15E8 /* DarkChocolate.png in Resources */,
				ADAE04821D677F17001C15E8 /* SourCandy.png in Resources */,
				ADAE047A1D677F17001C15E8 /* CandyCane.png in Resources */,
				ADAE04611D67605D001C15E8 /* MainInterface.storyboard in Resources */,
				ADAE047D1D677F17001C15E8 /* ChocolateChip.png in Resources */,
				ADAE047B1D677F17001C15E8 /* Caramel.png in Resources */,
			);
			runOnlyForDeploymentPostprocessing = 0;
		};
/* End PBXResourcesBuildPhase section */

/* Begin PBXSourcesBuildPhase section */
		ADAE04511D67605D001C15E8 /* Sources */ = {
			isa = PBXSourcesBuildPhase;
			buildActionMask = 2147483647;
			files = (
				ADAE04861D67F545001C15E8 /* StickerCollectionViewController.swift in Sources */,
				ADAE04841D67F4E0001C15E8 /* StickerCollectionViewCell.swift in Sources */,
				ADAE045E1D67605D001C15E8 /* MessagesViewController.swift in Sources */,
				ADAE046F1D677DCD001C15E8 /* CandyStickerBrowserViewController.swift in Sources */,
			);
			runOnlyForDeploymentPostprocessing = 0;
		};
/* End PBXSourcesBuildPhase section */

/* Begin PBXTargetDependency section */
		ADAE04581D67605D001C15E8 /* PBXTargetDependency */ = {
			isa = PBXTargetDependency;
			target = ADAE04541D67605D001C15E8 /* MessagesExtension */;
			targetProxy = ADAE04571D67605D001C15E8 /* PBXContainerItemProxy */;
		};
/* End PBXTargetDependency section */

/* Begin PBXVariantGroup section */
		ADAE045F1D67605D001C15E8 /* MainInterface.storyboard */ = {
			isa = PBXVariantGroup;
			children = (
				ADAE04601D67605D001C15E8 /* Base */,
			);
			name = MainInterface.storyboard;
			sourceTree = "<group>";
		};
/* End PBXVariantGroup section */

/* Begin XCBuildConfiguration section */
		ADAE04651D67605D001C15E8 /* Debug */ = {
			isa = XCBuildConfiguration;
			buildSettings = {
				ALWAYS_SEARCH_USER_PATHS = NO;
				CLANG_ANALYZER_NONNULL = YES;
				CLANG_CXX_LANGUAGE_STANDARD = "gnu++0x";
				CLANG_CXX_LIBRARY = "libc++";
				CLANG_ENABLE_MODULES = YES;
				CLANG_ENABLE_OBJC_ARC = YES;
				CLANG_WARN_BOOL_CONVERSION = YES;
				CLANG_WARN_CONSTANT_CONVERSION = YES;
				CLANG_WARN_DIRECT_OBJC_ISA_USAGE = YES_ERROR;
				CLANG_WARN_DOCUMENTATION_COMMENTS = YES;
				CLANG_WARN_EMPTY_BODY = YES;
				CLANG_WARN_ENUM_CONVERSION = YES;
				CLANG_WARN_INT_CONVERSION = YES;
				CLANG_WARN_OBJC_ROOT_CLASS = YES_ERROR;
				CLANG_WARN_UNREACHABLE_CODE = YES;
				CLANG_WARN__DUPLICATE_METHOD_MATCH = YES;
				"CODE_SIGN_IDENTITY[sdk=iphoneos*]" = "iPhone Developer";
				COPY_PHASE_STRIP = NO;
				DEBUG_INFORMATION_FORMAT = dwarf;
				ENABLE_STRICT_OBJC_MSGSEND = YES;
				ENABLE_TESTABILITY = YES;
				GCC_C_LANGUAGE_STANDARD = gnu99;
				GCC_DYNAMIC_NO_PIC = NO;
				GCC_NO_COMMON_BLOCKS = YES;
				GCC_OPTIMIZATION_LEVEL = 0;
				GCC_PREPROCESSOR_DEFINITIONS = (
					"DEBUG=1",
					"$(inherited)",
				);
				GCC_WARN_64_TO_32_BIT_CONVERSION = YES;
				GCC_WARN_ABOUT_RETURN_TYPE = YES_ERROR;
				GCC_WARN_UNDECLARED_SELECTOR = YES;
				GCC_WARN_UNINITIALIZED_AUTOS = YES_AGGRESSIVE;
				GCC_WARN_UNUSED_FUNCTION = YES;
				GCC_WARN_UNUSED_VARIABLE = YES;
				IPHONEOS_DEPLOYMENT_TARGET = 10.0;
				MTL_ENABLE_DEBUG_INFO = YES;
				ONLY_ACTIVE_ARCH = YES;
				SDKROOT = iphoneos;
				SWIFT_ACTIVE_COMPILATION_CONDITIONS = DEBUG;
				SWIFT_OPTIMIZATION_LEVEL = "-Onone";
			};
			name = Debug;
		};
		ADAE04661D67605D001C15E8 /* Release */ = {
			isa = XCBuildConfiguration;
			buildSettings = {
				ALWAYS_SEARCH_USER_PATHS = NO;
				CLANG_ANALYZER_NONNULL = YES;
				CLANG_CXX_LANGUAGE_STANDARD = "gnu++0x";
				CLANG_CXX_LIBRARY = "libc++";
				CLANG_ENABLE_MODULES = YES;
				CLANG_ENABLE_OBJC_ARC = YES;
				CLANG_WARN_BOOL_CONVERSION = YES;
				CLANG_WARN_CONSTANT_CONVERSION = YES;
				CLANG_WARN_DIRECT_OBJC_ISA_USAGE = YES_ERROR;
				CLANG_WARN_DOCUMENTATION_COMMENTS = YES;
				CLANG_WARN_EMPTY_BODY = YES;
				CLANG_WARN_ENUM_CONVERSION = YES;
				CLANG_WARN_INT_CONVERSION = YES;
				CLANG_WARN_OBJC_ROOT_CLASS = YES_ERROR;
				CLANG_WARN_UNREACHABLE_CODE = YES;
				CLANG_WARN__DUPLICATE_METHOD_MATCH = YES;
				"CODE_SIGN_IDENTITY[sdk=iphoneos*]" = "iPhone Developer";
				COPY_PHASE_STRIP = NO;
				DEBUG_INFORMATION_FORMAT = "dwarf-with-dsym";
				ENABLE_NS_ASSERTIONS = NO;
				ENABLE_STRICT_OBJC_MSGSEND = YES;
				GCC_C_LANGUAGE_STANDARD = gnu99;
				GCC_NO_COMMON_BLOCKS = YES;
				GCC_WARN_64_TO_32_BIT_CONVERSION = YES;
				GCC_WARN_ABOUT_RETURN_TYPE = YES_ERROR;
				GCC_WARN_UNDECLARED_SELECTOR = YES;
				GCC_WARN_UNINITIALIZED_AUTOS = YES_AGGRESSIVE;
				GCC_WARN_UNUSED_FUNCTION = YES;
				GCC_WARN_UNUSED_VARIABLE = YES;
				IPHONEOS_DEPLOYMENT_TARGET = 10.0;
				MTL_ENABLE_DEBUG_INFO = NO;
				SDKROOT = iphoneos;
				SWIFT_OPTIMIZATION_LEVEL = "-Owholemodule";
				VALIDATE_PRODUCT = YES;
			};
			name = Release;
		};
		ADAE04681D67605D001C15E8 /* Debug */ = {
			isa = XCBuildConfiguration;
			buildSettings = {
				ASSETCATALOG_COMPILER_APPICON_NAME = "iMessage App Icon";
				INFOPLIST_FILE = MessagesExtension/Info.plist;
				LD_RUNPATH_SEARCH_PATHS = "$(inherited) @executable_path/Frameworks @executable_path/../../Frameworks";
				PRODUCT_BUNDLE_IDENTIFIER = "com.donaldnguyen.MEME-Texting.MessagesExtension";
				PRODUCT_NAME = "$(TARGET_NAME)";
				SKIP_INSTALL = YES;
				SWIFT_VERSION = 3.0;
			};
			name = Debug;
		};
		ADAE04691D67605D001C15E8 /* Release */ = {
			isa = XCBuildConfiguration;
			buildSettings = {
				ASSETCATALOG_COMPILER_APPICON_NAME = "iMessage App Icon";
				INFOPLIST_FILE = MessagesExtension/Info.plist;
				LD_RUNPATH_SEARCH_PATHS = "$(inherited) @executable_path/Frameworks @executable_path/../../Frameworks";
				PRODUCT_BUNDLE_IDENTIFIER = "com.donaldnguyen.MEME-Texting.MessagesExtension";
				PRODUCT_NAME = "$(TARGET_NAME)";
				SKIP_INSTALL = YES;
				SWIFT_VERSION = 3.0;
			};
			name = Release;
		};
		ADAE046C1D67605D001C15E8 /* Debug */ = {
			isa = XCBuildConfiguration;
			buildSettings = {
				ALWAYS_EMBED_SWIFT_STANDARD_LIBRARIES = YES;
				ASSETCATALOG_COMPILER_APPICON_NAME = AppIcon;
				INFOPLIST_FILE = "MEME Texting/Info.plist";
				PRODUCT_BUNDLE_IDENTIFIER = "com.donaldnguyen.MEME-Texting";
				PRODUCT_NAME = "$(TARGET_NAME)";
				SWIFT_VERSION = 3.0;
				TARGETED_DEVICE_FAMILY = "1,2";
			};
			name = Debug;
		};
		ADAE046D1D67605D001C15E8 /* Release */ = {
			isa = XCBuildConfiguration;
			buildSettings = {
				ALWAYS_EMBED_SWIFT_STANDARD_LIBRARIES = YES;
				ASSETCATALOG_COMPILER_APPICON_NAME = AppIcon;
				INFOPLIST_FILE = "MEME Texting/Info.plist";
				PRODUCT_BUNDLE_IDENTIFIER = "com.donaldnguyen.MEME-Texting";
				PRODUCT_NAME = "$(TARGET_NAME)";
				SWIFT_VERSION = 3.0;
				TARGETED_DEVICE_FAMILY = "1,2";
			};
			name = Release;
		};
/* End XCBuildConfiguration section */

/* Begin XCConfigurationList section */
		ADAE04481D67605D001C15E8 /* Build configuration list for PBXProject "MEME Texting" */ = {
			isa = XCConfigurationList;
			buildConfigurations = (
				ADAE04651D67605D001C15E8 /* Debug */,
				ADAE04661D67605D001C15E8 /* Release */,
			);
			defaultConfigurationIsVisible = 0;
			defaultConfigurationName = Release;
		};
		ADAE04671D67605D001C15E8 /* Build configuration list for PBXNativeTarget "MessagesExtension" */ = {
			isa = XCConfigurationList;
			buildConfigurations = (
				ADAE04681D67605D001C15E8 /* Debug */,
				ADAE04691D67605D001C15E8 /* Release */,
			);
			defaultConfigurationIsVisible = 0;
			defaultConfigurationName = Release;
		};
		ADAE046B1D67605D001C15E8 /* Build configuration list for PBXNativeTarget "MEME Texting" */ = {
			isa = XCConfigurationList;
			buildConfigurations = (
				ADAE046C1D67605D001C15E8 /* Debug */,
				ADAE046D1D67605D001C15E8 /* Release */,
			);
			defaultConfigurationIsVisible = 0;
			defaultConfigurationName = Release;
		};
/* End XCConfigurationList section */
	};
	rootObject = ADAE04451D67605D001C15E8 /* Project object */;
}
